
Microsoft Visual Studio Solution File, Format Version 12.00
# Visual Studio Version 17
VisualStudioVersion = 17.0.32112.339
MinimumVisualStudioVersion = 10.0.40219.1
Project("{FAE04EC0-301F-11D3-BF4B-00C04F79EFBC}") = "PresciptionTextSharp", "PresciptionTextSharp.csproj", "{6EBD253B-5081-43D8-B7CF-969ABF85BEEA}"
EndProject
Global
	GlobalSection(SolutionConfigurationPlatforms) = preSolution
		Debug|Any CPU = Debug|Any CPU
		Release|Any CPU = Release|Any CPU
	EndGlobalSection
	GlobalSection(ProjectConfigurationPlatforms) = postSolution
		{6EBD253B-5081-43D8-B7CF-969ABF85BEEA}.Debug|Any CPU.ActiveCfg = Debug|Any CPU
		{6EBD253B-5081-43D8-B7CF-969ABF85BEEA}.Debug|Any CPU.Build.0 = Debug|Any CPU
		{6EBD253B-5081-43D8-B7CF-969ABF85BEEA}.Release|Any CPU.ActiveCfg = Release|Any CPU
		{6EBD253B-5081-43D8-B7CF-969ABF85BEEA}.Release|Any CPU.Build.0 = Release|Any CPU
	EndGlobalSection
	GlobalSection(SolutionProperties) = preSolution
		HideSolutionNode = FALSE
	EndGlobalSection
	GlobalSection(ExtensibilityGlobals) = postSolution
		SolutionGuid = {6045747F-202F-4E52-B91D-78BF6CD36FE2}
	EndGlobalSection
EndGlobal
